
Microsoft Visual Studio Solution File, Format Version 12.00
# Visual Studio Version 17
VisualStudioVersion = 17.4.33205.214
MinimumVisualStudioVersion = 10.0.40219.1
Project("{2150E333-8FDC-42A3-9474-1A3956D46DE8}") = "Common", "Common", "{0FF61FFE-2587-4EDD-A3F0-0E68C7E0C733}"
EndProject
Project("{9A19103F-16F7-4668-BE54-9A1E7A4F7556}") = "WebStoreGB.Domain", "Common\WebStoreGB.Domain\WebStoreGB.Domain.csproj", "{ED15FEFE-B62A-44E7-81EF-16D51438EE76}"
EndProject
Project("{2150E333-8FDC-42A3-9474-1A3956D46DE8}") = "Services", "Services", "{127F01C1-0042-49A8-A256-6CBBCA2A84A8}"
EndProject
Project("{2150E333-8FDC-42A3-9474-1A3956D46DE8}") = "UI", "UI", "{08D854F9-FCF1-426E-88FB-17DDBD7FD790}"
EndProject
Project("{2150E333-8FDC-42A3-9474-1A3956D46DE8}") = "Data", "Data", "{3CC503BE-D44D-489F-A602-D579CAE8EA8C}"
EndProject
Project("{9A19103F-16F7-4668-BE54-9A1E7A4F7556}") = "WebStoreGB.DAL", "Data\WebStoreGB.DAL\WebStoreGB.DAL.csproj", "{5245FA76-DEBA-4428-8BFC-C4E8398551D9}"
EndProject
Project("{9A19103F-16F7-4668-BE54-9A1E7A4F7556}") = "WebStoreGB", "UI\WebStoreGB\WebStoreGB.csproj", "{E27A03FB-1422-48FA-BC90-BDA09C162735}"
EndProject
Project("{9A19103F-16F7-4668-BE54-9A1E7A4F7556}") = "WebStoreGB.Interfaces", "Services\WebStoreGB.Interfaces\WebStoreGB.Interfaces.csproj", "{2FA39D3A-87D6-43DC-87E6-0552274C8A11}"
EndProject
Project("{9A19103F-16F7-4668-BE54-9A1E7A4F7556}") = "WebStoreGB.Services", "Services\WebStoreGB.Services\WebStoreGB.Services.csproj", "{7CD58C4A-3D35-4341-B47C-DA7C4B0C831A}"
EndProject
Project("{9A19103F-16F7-4668-BE54-9A1E7A4F7556}") = "WebStoreGB.WebAPI", "Services\WebStoreGB.WebAPI\WebStoreGB.WebAPI.csproj", "{8C2A65DD-0E2C-4B43-B6EB-F8FFF7B46BEE}"
EndProject
Project("{9A19103F-16F7-4668-BE54-9A1E7A4F7556}") = "WebStoreGB.WebAPI.Clients", "Services\WebStoreGB.WebAPI.Clients\WebStoreGB.WebAPI.Clients.csproj", "{72987BEA-7DE5-4AD4-893D-B7847A87958E}"
EndProject
Project("{2150E333-8FDC-42A3-9474-1A3956D46DE8}") = "Tests", "Tests", "{5FB81672-FB00-44D9-B6E3-21293EB369C1}"
EndProject
Project("{9A19103F-16F7-4668-BE54-9A1E7A4F7556}") = "WebStore.TestConsole", "WebStore.TestConsole\WebStore.TestConsole.csproj", "{EB673B9A-193F-4A02-A7D6-4E744C6102D0}"
EndProject
Project("{9A19103F-16F7-4668-BE54-9A1E7A4F7556}") = "WebStore.Logger", "WebStore.Logger\WebStore.Logger.csproj", "{28C44E0B-DDF9-451D-948C-C49F514E23F4}"
EndProject
Project("{9A19103F-16F7-4668-BE54-9A1E7A4F7556}") = "WebStoreGB.Tests", "Tests\WebStoreGB.Tests\WebStoreGB.Tests.csproj", "{1AE3F09E-01D8-4917-BD5B-FE3812AE9E45}"
EndProject
Project("{9A19103F-16F7-4668-BE54-9A1E7A4F7556}") = "WebStoreGB.Services.Tests", "Tests\WebStoreGB.Services.Tests\WebStoreGB.Services.Tests.csproj", "{FAB6E0A1-C3D7-4D1D-A03D-D84F0D0106FD}"
EndProject
Project("{9A19103F-16F7-4668-BE54-9A1E7A4F7556}") = "WebStoreGB.WebAPI.Tests", "Tests\WebStoreGB.WebAPI.Tests\WebStoreGB.WebAPI.Tests.csproj", "{6A9F3A4A-E753-45F1-991F-95DEDF190C69}"
EndProject
Project("{FAE04EC0-301F-11D3-BF4B-00C04F79EFBC}") = "WebStoreGBBlazorUI", "UI\WebStoreGBBlazorUI\WebStoreGBBlazorUI.csproj", "{B414D43E-3EBA-4DDF-877F-4BEBCC1ED1C4}"
EndProject
Global
	GlobalSection(SolutionConfigurationPlatforms) = preSolution
		Debug|Any CPU = Debug|Any CPU
		Release|Any CPU = Release|Any CPU
	EndGlobalSection
	GlobalSection(ProjectConfigurationPlatforms) = postSolution
		{ED15FEFE-B62A-44E7-81EF-16D51438EE76}.Debug|Any CPU.ActiveCfg = Debug|Any CPU
		{ED15FEFE-B62A-44E7-81EF-16D51438EE76}.Debug|Any CPU.Build.0 = Debug|Any CPU
		{ED15FEFE-B62A-44E7-81EF-16D51438EE76}.Release|Any CPU.ActiveCfg = Release|Any CPU
		{ED15FEFE-B62A-44E7-81EF-16D51438EE76}.Release|Any CPU.Build.0 = Release|Any CPU
		{5245FA76-DEBA-4428-8BFC-C4E8398551D9}.Debug|Any CPU.ActiveCfg = Debug|Any CPU
		{5245FA76-DEBA-4428-8BFC-C4E8398551D9}.Debug|Any CPU.Build.0 = Debug|Any CPU
		{5245FA76-DEBA-4428-8BFC-C4E8398551D9}.Release|Any CPU.ActiveCfg = Release|Any CPU
		{5245FA76-DEBA-4428-8BFC-C4E8398551D9}.Release|Any CPU.Build.0 = Release|Any CPU
		{E27A03FB-1422-48FA-BC90-BDA09C162735}.Debug|Any CPU.ActiveCfg = Debug|Any CPU
		{E27A03FB-1422-48FA-BC90-BDA09C162735}.Debug|Any CPU.Build.0 = Debug|Any CPU
		{E27A03FB-1422-48FA-BC90-BDA09C162735}.Release|Any CPU.ActiveCfg = Release|Any CPU
		{E27A03FB-1422-48FA-BC90-BDA09C162735}.Release|Any CPU.Build.0 = Release|Any CPU
		{2FA39D3A-87D6-43DC-87E6-0552274C8A11}.Debug|Any CPU.ActiveCfg = Debug|Any CPU
		{2FA39D3A-87D6-43DC-87E6-0552274C8A11}.Debug|Any CPU.Build.0 = Debug|Any CPU
		{2FA39D3A-87D6-43DC-87E6-0552274C8A11}.Release|Any CPU.ActiveCfg = Release|Any CPU
		{2FA39D3A-87D6-43DC-87E6-0552274C8A11}.Release|Any CPU.Build.0 = Release|Any CPU
		{7CD58C4A-3D35-4341-B47C-DA7C4B0C831A}.Debug|Any CPU.ActiveCfg = Debug|Any CPU
		{7CD58C4A-3D35-4341-B47C-DA7C4B0C831A}.Debug|Any CPU.Build.0 = Debug|Any CPU
		{7CD58C4A-3D35-4341-B47C-DA7C4B0C831A}.Release|Any CPU.ActiveCfg = Release|Any CPU
		{7CD58C4A-3D35-4341-B47C-DA7C4B0C831A}.Release|Any CPU.Build.0 = Release|Any CPU
		{8C2A65DD-0E2C-4B43-B6EB-F8FFF7B46BEE}.Debug|Any CPU.ActiveCfg = Debug|Any CPU
		{8C2A65DD-0E2C-4B43-B6EB-F8FFF7B46BEE}.Debug|Any CPU.Build.0 = Debug|Any CPU
		{8C2A65DD-0E2C-4B43-B6EB-F8FFF7B46BEE}.Release|Any CPU.ActiveCfg = Release|Any CPU
		{8C2A65DD-0E2C-4B43-B6EB-F8FFF7B46BEE}.Release|Any CPU.Build.0 = Release|Any CPU
		{72987BEA-7DE5-4AD4-893D-B7847A87958E}.Debug|Any CPU.ActiveCfg = Debug|Any CPU
		{72987BEA-7DE5-4AD4-893D-B7847A87958E}.Debug|Any CPU.Build.0 = Debug|Any CPU
		{72987BEA-7DE5-4AD4-893D-B7847A87958E}.Release|Any CPU.ActiveCfg = Release|Any CPU
		{72987BEA-7DE5-4AD4-893D-B7847A87958E}.Release|Any CPU.Build.0 = Release|Any CPU
		{EB673B9A-193F-4A02-A7D6-4E744C6102D0}.Debug|Any CPU.ActiveCfg = Debug|Any CPU
		{EB673B9A-193F-4A02-A7D6-4E744C6102D0}.Debug|Any CPU.Build.0 = Debug|Any CPU
		{EB673B9A-193F-4A02-A7D6-4E744C6102D0}.Release|Any CPU.ActiveCfg = Release|Any CPU
		{EB673B9A-193F-4A02-A7D6-4E744C6102D0}.Release|Any CPU.Build.0 = Release|Any CPU
		{28C44E0B-DDF9-451D-948C-C49F514E23F4}.Debug|Any CPU.ActiveCfg = Debug|Any CPU
		{28C44E0B-DDF9-451D-948C-C49F514E23F4}.Debug|Any CPU.Build.0 = Debug|Any CPU
		{28C44E0B-DDF9-451D-948C-C49F514E23F4}.Release|Any CPU.ActiveCfg = Release|Any CPU
		{28C44E0B-DDF9-451D-948C-C49F514E23F4}.Release|Any CPU.Build.0 = Release|Any CPU
		{1AE3F09E-01D8-4917-BD5B-FE3812AE9E45}.Debug|Any CPU.ActiveCfg = Debug|Any CPU
		{1AE3F09E-01D8-4917-BD5B-FE3812AE9E45}.Debug|Any CPU.Build.0 = Debug|Any CPU
		{1AE3F09E-01D8-4917-BD5B-FE3812AE9E45}.Release|Any CPU.ActiveCfg = Release|Any CPU
		{1AE3F09E-01D8-4917-BD5B-FE3812AE9E45}.Release|Any CPU.Build.0 = Release|Any CPU
		{FAB6E0A1-C3D7-4D1D-A03D-D84F0D0106FD}.Debug|Any CPU.ActiveCfg = Debug|Any CPU
		{FAB6E0A1-C3D7-4D1D-A03D-D84F0D0106FD}.Debug|Any CPU.Build.0 = Debug|Any CPU
		{FAB6E0A1-C3D7-4D1D-A03D-D84F0D0106FD}.Release|Any CPU.ActiveCfg = Release|Any CPU
		{FAB6E0A1-C3D7-4D1D-A03D-D84F0D0106FD}.Release|Any CPU.Build.0 = Release|Any CPU
		{6A9F3A4A-E753-45F1-991F-95DEDF190C69}.Debug|Any CPU.ActiveCfg = Debug|Any CPU
		{6A9F3A4A-E753-45F1-991F-95DEDF190C69}.Debug|Any CPU.Build.0 = Debug|Any CPU
		{6A9F3A4A-E753-45F1-991F-95DEDF190C69}.Release|Any CPU.ActiveCfg = Release|Any CPU
		{6A9F3A4A-E753-45F1-991F-95DEDF190C69}.Release|Any CPU.Build.0 = Release|Any CPU
		{B414D43E-3EBA-4DDF-877F-4BEBCC1ED1C4}.Debug|Any CPU.ActiveCfg = Debug|Any CPU
		{B414D43E-3EBA-4DDF-877F-4BEBCC1ED1C4}.Debug|Any CPU.Build.0 = Debug|Any CPU
		{B414D43E-3EBA-4DDF-877F-4BEBCC1ED1C4}.Release|Any CPU.ActiveCfg = Release|Any CPU
		{B414D43E-3EBA-4DDF-877F-4BEBCC1ED1C4}.Release|Any CPU.Build.0 = Release|Any CPU
	EndGlobalSection
	GlobalSection(SolutionProperties) = preSolution
		HideSolutionNode = FALSE
	EndGlobalSection
	GlobalSection(NestedProjects) = preSolution
		{ED15FEFE-B62A-44E7-81EF-16D51438EE76} = {0FF61FFE-2587-4EDD-A3F0-0E68C7E0C733}
		{5245FA76-DEBA-4428-8BFC-C4E8398551D9} = {3CC503BE-D44D-489F-A602-D579CAE8EA8C}
		{E27A03FB-1422-48FA-BC90-BDA09C162735} = {08D854F9-FCF1-426E-88FB-17DDBD7FD790}
		{2FA39D3A-87D6-43DC-87E6-0552274C8A11} = {127F01C1-0042-49A8-A256-6CBBCA2A84A8}
		{7CD58C4A-3D35-4341-B47C-DA7C4B0C831A} = {127F01C1-0042-49A8-A256-6CBBCA2A84A8}
		{8C2A65DD-0E2C-4B43-B6EB-F8FFF7B46BEE} = {127F01C1-0042-49A8-A256-6CBBCA2A84A8}
		{72987BEA-7DE5-4AD4-893D-B7847A87958E} = {127F01C1-0042-49A8-A256-6CBBCA2A84A8}
		{EB673B9A-193F-4A02-A7D6-4E744C6102D0} = {5FB81672-FB00-44D9-B6E3-21293EB369C1}
		{28C44E0B-DDF9-451D-948C-C49F514E23F4} = {0FF61FFE-2587-4EDD-A3F0-0E68C7E0C733}
		{1AE3F09E-01D8-4917-BD5B-FE3812AE9E45} = {5FB81672-FB00-44D9-B6E3-21293EB369C1}
		{FAB6E0A1-C3D7-4D1D-A03D-D84F0D0106FD} = {5FB81672-FB00-44D9-B6E3-21293EB369C1}
		{6A9F3A4A-E753-45F1-991F-95DEDF190C69} = {5FB81672-FB00-44D9-B6E3-21293EB369C1}
		{B414D43E-3EBA-4DDF-877F-4BEBCC1ED1C4} = {08D854F9-FCF1-426E-88FB-17DDBD7FD790}
	EndGlobalSection
	GlobalSection(ExtensibilityGlobals) = postSolution
		SolutionGuid = {6B569679-F7B7-4090-9C31-B96CC5E6AB59}
	EndGlobalSection
EndGlobal
